// !$*UTF8*$!
{ archiveVersion = 1; classes = {}; objectVersion = 56; objects = {
CBBE88CAB6BBFD5E63079FAA = { isa = PBXFileReference; lastKnownFileType = sourcecode.swift; path = "Sources/App/TrainingApp.swift"; sourceTree = "<group>"; };
E294B57D0B8B5B4485230ED8 = { isa = PBXBuildFile; fileRef = CBBE88CAB6BBFD5E63079FAA; };
668349C961FEE038C04DF7C6 = { isa = PBXFileReference; lastKnownFileType = sourcecode.swift; path = "Sources/App/TrainingModel.swift"; sourceTree = "<group>"; };
414B466F78EB537E3C641936 = { isa = PBXBuildFile; fileRef = 668349C961FEE038C04DF7C6; };
1660616EE0080467CC44B5EB = { isa = PBXFileReference; lastKnownFileType = sourcecode.swift; path = "Sources/Core/TrainingStore.swift"; sourceTree = "<group>"; };
3A6EF0267ECA94D262795276 = { isa = PBXBuildFile; fileRef = 1660616EE0080467CC44B5EB; };
3685E330EC5277A9DD5661C6 = { isa = PBXFileReference; lastKnownFileType = folder.assetcatalog; path = Resources/Assets.xcassets; sourceTree = "<group>"; };
CF8A4D27E1C506A7C75A76BE = { isa = PBXBuildFile; fileRef = 3685E330EC5277A9DD5661C6; };
8F90E54BE717521CE29AE666 = { isa = PBXFileReference; lastKnownFileType = text; path = "Resources/PrivacyInfo.xcprivacy"; sourceTree = "<group>"; };
F4BE1F7DB3280B3E2B293EC6 = { isa = PBXBuildFile; fileRef = 8F90E54BE717521CE29AE666; };
38A007151ABE87CC01A5B6E9 = { isa = PBXFileReference; explicitFileType = wrapper.application; path = "Spatial Training Guide.app"; sourceTree = BUILT_PRODUCTS_DIR; };
FBDC4F23F93125BBEEAE800C = { isa = PBXGroup; children = (38A007151ABE87CC01A5B6E9); name = Products; sourceTree = "<group>"; };
64292B1C2B2E13EAD8788FC8 = { isa = PBXGroup; children = (A6D19D0C953DFF5F8B9484BA, CBBE88CAB6BBFD5E63079FAA, 668349C961FEE038C04DF7C6, 1660616EE0080467CC44B5EB, 3685E330EC5277A9DD5661C6, 8F90E54BE717521CE29AE666, FBDC4F23F93125BBEEAE800C); sourceTree = "<group>"; };
BCE16DD0260827ECF338C787 = { isa = PBXSourcesBuildPhase; buildActionMask = 2147483647; files = (E294B57D0B8B5B4485230ED8, 414B466F78EB537E3C641936, 3A6EF0267ECA94D262795276); runOnlyForDeploymentPostprocessing = 0; };
0189424A5A60FED329FA868E = { isa = PBXResourcesBuildPhase; buildActionMask = 2147483647; files = (CF8A4D27E1C506A7C75A76BE, F4BE1F7DB3280B3E2B293EC6); runOnlyForDeploymentPostprocessing = 0; };
7561BFB015D8F536760CB671 = { isa = PBXFrameworksBuildPhase; buildActionMask = 2147483647; files = (); runOnlyForDeploymentPostprocessing = 0; };
9A3C1EE301EC9F46B8FCBBBB = { isa = XCBuildConfiguration; buildSettings = {"CLANG_ENABLE_MODULES" = "YES"; "CLANG_ENABLE_OBJC_ARC" = "YES"; "SWIFT_VERSION" = "6.0"; "SWIFT_STRICT_CONCURRENCY" = "complete"; "SWIFT_OPTIMIZATION_LEVEL" = "-Onone"; "DEBUG_INFORMATION_FORMAT" = "dwarf"; "ENABLE_TESTABILITY" = "YES"; "SWIFT_ACTIVE_COMPILATION_CONDITIONS" = "DEBUG";}; name = Debug; };
A8288EAD101D3680C2AC7BC8 = { isa = XCBuildConfiguration; buildSettings = {"PRODUCT_NAME" = "Spatial Training Guide"; "PRODUCT_BUNDLE_IDENTIFIER" = "com.dd.spatialtrainingguide"; "CURRENT_PROJECT_VERSION" = "1"; "MARKETING_VERSION" = "1.0"; "GENERATE_INFOPLIST_FILE" = "YES"; "INFOPLIST_KEY_CFBundleDisplayName" = "Spatial Training Guide"; "INFOPLIST_KEY_UIApplicationSceneManifest_Generation" = "YES"; "INFOPLIST_KEY_UILaunchScreen_Generation" = "YES"; "ASSETCATALOG_COMPILER_APPICON_NAME" = "AppIcon"; "ASSETCATALOG_COMPILER_GLOBAL_ACCENT_COLOR_NAME" = "AccentColor"; "LD_RUNPATH_SEARCH_PATHS" = "$(inherited) @executable_path/Frameworks"; "CODE_SIGN_ENTITLEMENTS" = "Resources/App.entitlements"; "XROS_DEPLOYMENT_TARGET" = "27.0"; "SUPPORTED_PLATFORMS" = "xros xrsimulator"; "TARGETED_DEVICE_FAMILY" = "7"; "SDKROOT" = "xros";  "CODE_SIGN_STYLE" = "Automatic";}; name = Debug; };
5D4AE94DA0B27833AE568E9C = { isa = XCBuildConfiguration; buildSettings = {"CLANG_ENABLE_MODULES" = "YES"; "CLANG_ENABLE_OBJC_ARC" = "YES"; "SWIFT_VERSION" = "6.0"; "SWIFT_STRICT_CONCURRENCY" = "complete"; "SWIFT_OPTIMIZATION_LEVEL" = "-O"; "DEBUG_INFORMATION_FORMAT" = "dwarf-with-dsym"; "ENABLE_TESTABILITY" = "NO"; "SWIFT_ACTIVE_COMPILATION_CONDITIONS" = "";}; name = Release; };
8EB64F55E62F34DE5618DACF = { isa = XCBuildConfiguration; buildSettings = {"PRODUCT_NAME" = "Spatial Training Guide"; "PRODUCT_BUNDLE_IDENTIFIER" = "com.dd.spatialtrainingguide"; "CURRENT_PROJECT_VERSION" = "1"; "MARKETING_VERSION" = "1.0"; "GENERATE_INFOPLIST_FILE" = "YES"; "INFOPLIST_KEY_CFBundleDisplayName" = "Spatial Training Guide"; "INFOPLIST_KEY_UIApplicationSceneManifest_Generation" = "YES"; "INFOPLIST_KEY_UILaunchScreen_Generation" = "YES"; "ASSETCATALOG_COMPILER_APPICON_NAME" = "AppIcon"; "ASSETCATALOG_COMPILER_GLOBAL_ACCENT_COLOR_NAME" = "AccentColor"; "LD_RUNPATH_SEARCH_PATHS" = "$(inherited) @executable_path/Frameworks"; "CODE_SIGN_ENTITLEMENTS" = "Resources/App.entitlements"; "XROS_DEPLOYMENT_TARGET" = "27.0"; "SUPPORTED_PLATFORMS" = "xros xrsimulator"; "TARGETED_DEVICE_FAMILY" = "7"; "SDKROOT" = "xros";  "CODE_SIGN_STYLE" = "Automatic";}; name = Release; };
FB82D759FB6CC8BAF965A9B2 = { isa = XCConfigurationList; buildConfigurations = (9A3C1EE301EC9F46B8FCBBBB, 5D4AE94DA0B27833AE568E9C); defaultConfigurationIsVisible = 0; defaultConfigurationName = Release; };
D66B3603D80A7F0E2F08B3BC = { isa = XCConfigurationList; buildConfigurations = (A8288EAD101D3680C2AC7BC8, 8EB64F55E62F34DE5618DACF); defaultConfigurationIsVisible = 0; defaultConfigurationName = Release; };
0E8A3AD980EC179856012B7E = { isa = PBXNativeTarget; buildConfigurationList = D66B3603D80A7F0E2F08B3BC; buildPhases = (BCE16DD0260827ECF338C787, 7561BFB015D8F536760CB671, 0189424A5A60FED329FA868E); buildRules = (); dependencies = (); name = "Spatial Training Guide"; productName = "Spatial Training Guide"; productReference = 38A007151ABE87CC01A5B6E9; productType = "com.apple.product-type.application"; };
98F54143AB4E86B28C3AFEE0 = { isa = PBXProject; attributes = { LastUpgradeCheck = 2700; }; buildConfigurationList = FB82D759FB6CC8BAF965A9B2; compatibilityVersion = "Xcode 14.0"; developmentRegion = en; knownRegions = (en, Base); mainGroup = 64292B1C2B2E13EAD8788FC8; productRefGroup = FBDC4F23F93125BBEEAE800C; projectDirPath = ""; projectRoot = ""; targets = (0AD4B07A83E05DBD45B7FC37, 0E8A3AD980EC179856012B7E); };
A6D19D0C953DFF5F8B9484BA = { isa = PBXFileReference; lastKnownFileType = sourcecode.swift; path = Tests/UI/WorkflowTests.swift; sourceTree = "<group>"; };
2296975E2AED84E2F7C26790 = { isa = PBXBuildFile; fileRef = A6D19D0C953DFF5F8B9484BA; };
B58968AD397FA1A20599C9F3 = { isa = PBXFileReference; explicitFileType = wrapper.cfbundle; path = WorkflowTests.xctest; sourceTree = BUILT_PRODUCTS_DIR; };
163D39D31938BBA478C0E98C = { isa = PBXSourcesBuildPhase; buildActionMask = 2147483647; files = (2296975E2AED84E2F7C26790); runOnlyForDeploymentPostprocessing = 0; };
05A219E03BBB2EF083AE1853 = { isa = PBXFrameworksBuildPhase; buildActionMask = 2147483647; files = (); runOnlyForDeploymentPostprocessing = 0; };
5EB9CCB577FB52F9372C4A07 = { isa = PBXResourcesBuildPhase; buildActionMask = 2147483647; files = (); runOnlyForDeploymentPostprocessing = 0; };
DC81A1167233FC404FD46B40 = { isa = PBXContainerItemProxy; containerPortal = 98F54143AB4E86B28C3AFEE0; proxyType = 1; remoteGlobalIDString = 0E8A3AD980EC179856012B7E; remoteInfo = "Spatial Training Guide"; };
655155E16B7E441A9189F8CC = { isa = PBXTargetDependency; target = 0E8A3AD980EC179856012B7E; targetProxy = DC81A1167233FC404FD46B40; };
94C1D7A82E2F92E70C5BA5D8 = { isa = XCBuildConfiguration; buildSettings = {"SDKROOT" = "xros"; "XROS_DEPLOYMENT_TARGET" = "27.0"; "SUPPORTED_PLATFORMS" = "xros xrsimulator"; "TARGETED_DEVICE_FAMILY" = "7"; "GENERATE_INFOPLIST_FILE" = "YES"; "PRODUCT_BUNDLE_IDENTIFIER" = "com.dd.spatialtrainingguide.uitests"; "PRODUCT_NAME" = "WorkflowTests"; "SWIFT_VERSION" = "6.0"; "TEST_TARGET_NAME" = "Spatial Training Guide"; "CODE_SIGN_STYLE" = "Automatic"; }; name = Debug; };
9609A256A79253DD705A918E = { isa = XCBuildConfiguration; buildSettings = {"SDKROOT" = "xros"; "XROS_DEPLOYMENT_TARGET" = "27.0"; "SUPPORTED_PLATFORMS" = "xros xrsimulator"; "TARGETED_DEVICE_FAMILY" = "7"; "GENERATE_INFOPLIST_FILE" = "YES"; "PRODUCT_BUNDLE_IDENTIFIER" = "com.dd.spatialtrainingguide.uitests"; "PRODUCT_NAME" = "WorkflowTests"; "SWIFT_VERSION" = "6.0"; "TEST_TARGET_NAME" = "Spatial Training Guide"; "CODE_SIGN_STYLE" = "Automatic"; }; name = Release; };
2C89FC06BA9452D155609FB8 = { isa = XCConfigurationList; buildConfigurations = (94C1D7A82E2F92E70C5BA5D8, 9609A256A79253DD705A918E); defaultConfigurationIsVisible = 0; defaultConfigurationName = Release; };
0AD4B07A83E05DBD45B7FC37 = { isa = PBXNativeTarget; buildConfigurationList = 2C89FC06BA9452D155609FB8; buildPhases = (163D39D31938BBA478C0E98C, 05A219E03BBB2EF083AE1853, 5EB9CCB577FB52F9372C4A07); buildRules = (); dependencies = (655155E16B7E441A9189F8CC); name = WorkflowTests; productName = WorkflowTests; productReference = B58968AD397FA1A20599C9F3; productType = "com.apple.product-type.bundle.ui-testing"; };
}; rootObject = 98F54143AB4E86B28C3AFEE0; }
